
Microsoft Visual Studio Solution File, Format Version 12.00
# Visual Studio Version 17
VisualStudioVersion = 17.7.34031.279
MinimumVisualStudioVersion = 10.0.40219.1
Project("{FAE04EC0-301F-11D3-BF4B-00C04F79EFBC}") = "Lottery App", "Lottery App\Lottery App.csproj", "{44B5981E-3072-482D-BC0D-B00F4BB885C1}"
EndProject
Global
	GlobalSection(SolutionConfigurationPlatforms) = preSolution
		Debug|Any CPU = Debug|Any CPU
		Release|Any CPU = Release|Any CPU
	EndGlobalSection
	GlobalSection(ProjectConfigurationPlatforms) = postSolution
		{44B5981E-3072-482D-BC0D-B00F4BB885C1}.Debug|Any CPU.ActiveCfg = Debug|Any CPU
		{44B5981E-3072-482D-BC0D-B00F4BB885C1}.Debug|Any CPU.Build.0 = Debug|Any CPU
		{44B5981E-3072-482D-BC0D-B00F4BB885C1}.Release|Any CPU.ActiveCfg = Release|Any CPU
		{44B5981E-3072-482D-BC0D-B00F4BB885C1}.Release|Any CPU.Build.0 = Release|Any CPU
	EndGlobalSection
	GlobalSection(SolutionProperties) = preSolution
		HideSolutionNode = FALSE
	EndGlobalSection
	GlobalSection(ExtensibilityGlobals) = postSolution
		SolutionGuid = {14C61FF8-E467-49D3-9574-4FFD330EB551}
	EndGlobalSection
EndGlobal
